
Microsoft Visual Studio Solution File, Format Version 12.00
# Visual Studio Version 17
VisualStudioVersion = 17.4.33103.184
MinimumVisualStudioVersion = 10.0.40219.1
Project("{9A19103F-16F7-4668-BE54-9A1E7A4F7556}") = "OrderApi", "OrderApi\OrderApi.csproj", "{8D98B77A-F362-420F-8769-4A120518D74B}"
EndProject
Project("{9A19103F-16F7-4668-BE54-9A1E7A4F7556}") = "NotificationService", "NotificationService\NotificationService.csproj", "{DA7216BA-941C-46E7-A37E-7574340C1DC6}"
EndProject
Project("{FAE04EC0-301F-11D3-BF4B-00C04F79EFBC}") = "FaceProcessApi", "FaceProcessApi\FaceProcessApi.csproj", "{7C426ABC-3B9D-4E4A-96B2-919000B6831A}"
EndProject
Project("{FAE04EC0-301F-11D3-BF4B-00C04F79EFBC}") = "SharedLib", "SharedLib\SharedLib.csproj", "{C28E01E1-63C7-4A37-976B-FD775F308AA8}"
EndProject
Project("{FAE04EC0-301F-11D3-BF4B-00C04F79EFBC}") = "ComputerVisionService", "ComputerVisionService\ComputerVisionService.csproj", "{1F020FFD-8111-4584-A63E-9EABE800ADA6}"
EndProject
Global
	GlobalSection(SolutionConfigurationPlatforms) = preSolution
		Debug|Any CPU = Debug|Any CPU
		Release|Any CPU = Release|Any CPU
	EndGlobalSection
	GlobalSection(ProjectConfigurationPlatforms) = postSolution
		{8D98B77A-F362-420F-8769-4A120518D74B}.Debug|Any CPU.ActiveCfg = Debug|Any CPU
		{8D98B77A-F362-420F-8769-4A120518D74B}.Debug|Any CPU.Build.0 = Debug|Any CPU
		{8D98B77A-F362-420F-8769-4A120518D74B}.Release|Any CPU.ActiveCfg = Release|Any CPU
		{8D98B77A-F362-420F-8769-4A120518D74B}.Release|Any CPU.Build.0 = Release|Any CPU
		{DA7216BA-941C-46E7-A37E-7574340C1DC6}.Debug|Any CPU.ActiveCfg = Debug|Any CPU
		{DA7216BA-941C-46E7-A37E-7574340C1DC6}.Debug|Any CPU.Build.0 = Debug|Any CPU
		{DA7216BA-941C-46E7-A37E-7574340C1DC6}.Release|Any CPU.ActiveCfg = Release|Any CPU
		{DA7216BA-941C-46E7-A37E-7574340C1DC6}.Release|Any CPU.Build.0 = Release|Any CPU
		{7C426ABC-3B9D-4E4A-96B2-919000B6831A}.Debug|Any CPU.ActiveCfg = Debug|Any CPU
		{7C426ABC-3B9D-4E4A-96B2-919000B6831A}.Debug|Any CPU.Build.0 = Debug|Any CPU
		{7C426ABC-3B9D-4E4A-96B2-919000B6831A}.Release|Any CPU.ActiveCfg = Release|Any CPU
		{7C426ABC-3B9D-4E4A-96B2-919000B6831A}.Release|Any CPU.Build.0 = Release|Any CPU
		{C28E01E1-63C7-4A37-976B-FD775F308AA8}.Debug|Any CPU.ActiveCfg = Debug|Any CPU
		{C28E01E1-63C7-4A37-976B-FD775F308AA8}.Debug|Any CPU.Build.0 = Debug|Any CPU
		{C28E01E1-63C7-4A37-976B-FD775F308AA8}.Release|Any CPU.ActiveCfg = Release|Any CPU
		{C28E01E1-63C7-4A37-976B-FD775F308AA8}.Release|Any CPU.Build.0 = Release|Any CPU
		{1F020FFD-8111-4584-A63E-9EABE800ADA6}.Debug|Any CPU.ActiveCfg = Debug|Any CPU
		{1F020FFD-8111-4584-A63E-9EABE800ADA6}.Debug|Any CPU.Build.0 = Debug|Any CPU
		{1F020FFD-8111-4584-A63E-9EABE800ADA6}.Release|Any CPU.ActiveCfg = Release|Any CPU
		{1F020FFD-8111-4584-A63E-9EABE800ADA6}.Release|Any CPU.Build.0 = Release|Any CPU
	EndGlobalSection
	GlobalSection(SolutionProperties) = preSolution
		HideSolutionNode = FALSE
	EndGlobalSection
	GlobalSection(ExtensibilityGlobals) = postSolution
		SolutionGuid = {724E9CA7-4364-4CF0-956A-224E7C3ED609}
	EndGlobalSection
	GlobalSection(NestedProjects) = preSolution
	EndGlobalSection
EndGlobal
