
Microsoft Visual Studio Solution File, Format Version 12.00
# Visual Studio Version 17
VisualStudioVersion = 17.4.33103.184
MinimumVisualStudioVersion = 10.0.40219.1
Project("{9A19103F-16F7-4668-BE54-9A1E7A4F7556}") = "OrderApi", "OrderApi\OrderApi.csproj", "{8D98B77A-F362-420F-8769-4A120518D74B}"
EndProject
Project("{9A19103F-16F7-4668-BE54-9A1E7A4F7556}") = "NotificationService", "NotificationService\NotificationService.csproj", "{DA7216BA-941C-46E7-A37E-7574340C1DC6}"
EndProject
Project("{FAE04EC0-301F-11D3-BF4B-00C04F79EFBC}") = "SharedLib", "SharedLib\SharedLib.csproj", "{C28E01E1-63C7-4A37-976B-FD775F308AA8}"
EndProject
Project("{FAE04EC0-301F-11D3-BF4B-00C04F79EFBC}") = "ComputerVisionService", "ComputerVisionService\ComputerVisionService.csproj", "{1F020FFD-8111-4584-A63E-9EABE800ADA6}"
EndProject
Project("{2150E333-8FDC-42A3-9474-1A3956D46DE8}") = "UnitTests", "UnitTests", "{AF13F631-EF78-463A-A511-7366A871D137}"
EndProject
Project("{FAE04EC0-301F-11D3-BF4B-00C04F79EFBC}") = "OrderApi.Tests", "OrderApi.Tests\OrderApi.Tests.csproj", "{32186698-A0C1-443C-A16C-D3ED8F15CE94}"
EndProject
Project("{FAE04EC0-301F-11D3-BF4B-00C04F79EFBC}") = "NotificationService.Tests", "NotificationService.Tests\NotificationService.Tests.csproj", "{5C1662A3-3144-4271-8AF9-6F718847C2DC}"
EndProject
Project("{FAE04EC0-301F-11D3-BF4B-00C04F79EFBC}") = "ComputerVisionService.Tests", "ComputerVisionService.Tests\ComputerVisionService.Tests.csproj", "{3325BCE0-812E-4024-AB0B-10459453DDD3}"
EndProject
Global
	GlobalSection(SolutionConfigurationPlatforms) = preSolution
		Debug|Any CPU = Debug|Any CPU
		Release|Any CPU = Release|Any CPU
	EndGlobalSection
	GlobalSection(ProjectConfigurationPlatforms) = postSolution
		{8D98B77A-F362-420F-8769-4A120518D74B}.Debug|Any CPU.ActiveCfg = Debug|Any CPU
		{8D98B77A-F362-420F-8769-4A120518D74B}.Debug|Any CPU.Build.0 = Debug|Any CPU
		{8D98B77A-F362-420F-8769-4A120518D74B}.Release|Any CPU.ActiveCfg = Release|Any CPU
		{8D98B77A-F362-420F-8769-4A120518D74B}.Release|Any CPU.Build.0 = Release|Any CPU
		{DA7216BA-941C-46E7-A37E-7574340C1DC6}.Debug|Any CPU.ActiveCfg = Debug|Any CPU
		{DA7216BA-941C-46E7-A37E-7574340C1DC6}.Debug|Any CPU.Build.0 = Debug|Any CPU
		{DA7216BA-941C-46E7-A37E-7574340C1DC6}.Release|Any CPU.ActiveCfg = Release|Any CPU
		{DA7216BA-941C-46E7-A37E-7574340C1DC6}.Release|Any CPU.Build.0 = Release|Any CPU
		{C28E01E1-63C7-4A37-976B-FD775F308AA8}.Debug|Any CPU.ActiveCfg = Debug|Any CPU
		{C28E01E1-63C7-4A37-976B-FD775F308AA8}.Debug|Any CPU.Build.0 = Debug|Any CPU
		{C28E01E1-63C7-4A37-976B-FD775F308AA8}.Release|Any CPU.ActiveCfg = Release|Any CPU
		{C28E01E1-63C7-4A37-976B-FD775F308AA8}.Release|Any CPU.Build.0 = Release|Any CPU
		{1F020FFD-8111-4584-A63E-9EABE800ADA6}.Debug|Any CPU.ActiveCfg = Debug|Any CPU
		{1F020FFD-8111-4584-A63E-9EABE800ADA6}.Debug|Any CPU.Build.0 = Debug|Any CPU
		{1F020FFD-8111-4584-A63E-9EABE800ADA6}.Release|Any CPU.ActiveCfg = Release|Any CPU
		{1F020FFD-8111-4584-A63E-9EABE800ADA6}.Release|Any CPU.Build.0 = Release|Any CPU
		{32186698-A0C1-443C-A16C-D3ED8F15CE94}.Debug|Any CPU.ActiveCfg = Debug|Any CPU
		{32186698-A0C1-443C-A16C-D3ED8F15CE94}.Debug|Any CPU.Build.0 = Debug|Any CPU
		{32186698-A0C1-443C-A16C-D3ED8F15CE94}.Release|Any CPU.ActiveCfg = Release|Any CPU
		{32186698-A0C1-443C-A16C-D3ED8F15CE94}.Release|Any CPU.Build.0 = Release|Any CPU
		{5C1662A3-3144-4271-8AF9-6F718847C2DC}.Debug|Any CPU.ActiveCfg = Debug|Any CPU
		{5C1662A3-3144-4271-8AF9-6F718847C2DC}.Debug|Any CPU.Build.0 = Debug|Any CPU
		{5C1662A3-3144-4271-8AF9-6F718847C2DC}.Release|Any CPU.ActiveCfg = Release|Any CPU
		{5C1662A3-3144-4271-8AF9-6F718847C2DC}.Release|Any CPU.Build.0 = Release|Any CPU
		{3325BCE0-812E-4024-AB0B-10459453DDD3}.Debug|Any CPU.ActiveCfg = Debug|Any CPU
		{3325BCE0-812E-4024-AB0B-10459453DDD3}.Debug|Any CPU.Build.0 = Debug|Any CPU
		{3325BCE0-812E-4024-AB0B-10459453DDD3}.Release|Any CPU.ActiveCfg = Release|Any CPU
		{3325BCE0-812E-4024-AB0B-10459453DDD3}.Release|Any CPU.Build.0 = Release|Any CPU
	EndGlobalSection
	GlobalSection(SolutionProperties) = preSolution
		HideSolutionNode = FALSE
	EndGlobalSection
	GlobalSection(ExtensibilityGlobals) = postSolution
		SolutionGuid = {724E9CA7-4364-4CF0-956A-224E7C3ED609}
	EndGlobalSection
	GlobalSection(NestedProjects) = preSolution
		{32186698-A0C1-443C-A16C-D3ED8F15CE94} = {AF13F631-EF78-463A-A511-7366A871D137}
		{5C1662A3-3144-4271-8AF9-6F718847C2DC} = {AF13F631-EF78-463A-A511-7366A871D137}
		{3325BCE0-812E-4024-AB0B-10459453DDD3} = {AF13F631-EF78-463A-A511-7366A871D137}
	EndGlobalSection
EndGlobal
